
Microsoft Visual Studio Solution File, Format Version 12.00
# Visual Studio 15
VisualStudioVersion = 15.0.26124.0
MinimumVisualStudioVersion = 15.0.26124.0
Project("{2150E333-8FDC-42A3-9474-1A3956D46DE8}") = "src", "src", "{5AD2EF2B-19E9-4661-9839-A5A36B11C78B}"
EndProject
Project("{FAE04EC0-301F-11D3-BF4B-00C04F79EFBC}") = "Collectively.Messages", "src\Collectively.Messages\Collectively.Messages.csproj", "{46402B00-037E-4D1C-AE9E-CC74FC1A2524}"
EndProject
Global
	GlobalSection(SolutionConfigurationPlatforms) = preSolution
		Debug|Any CPU = Debug|Any CPU
		Debug|x64 = Debug|x64
		Debug|x86 = Debug|x86
		Release|Any CPU = Release|Any CPU
		Release|x64 = Release|x64
		Release|x86 = Release|x86
	EndGlobalSection
	GlobalSection(SolutionProperties) = preSolution
		HideSolutionNode = FALSE
	EndGlobalSection
	GlobalSection(ProjectConfigurationPlatforms) = postSolution
		{46402B00-037E-4D1C-AE9E-CC74FC1A2524}.Debug|Any CPU.ActiveCfg = Debug|Any CPU
		{46402B00-037E-4D1C-AE9E-CC74FC1A2524}.Debug|Any CPU.Build.0 = Debug|Any CPU
		{46402B00-037E-4D1C-AE9E-CC74FC1A2524}.Debug|x64.ActiveCfg = Debug|x64
		{46402B00-037E-4D1C-AE9E-CC74FC1A2524}.Debug|x64.Build.0 = Debug|x64
		{46402B00-037E-4D1C-AE9E-CC74FC1A2524}.Debug|x86.ActiveCfg = Debug|x86
		{46402B00-037E-4D1C-AE9E-CC74FC1A2524}.Debug|x86.Build.0 = Debug|x86
		{46402B00-037E-4D1C-AE9E-CC74FC1A2524}.Release|Any CPU.ActiveCfg = Release|Any CPU
		{46402B00-037E-4D1C-AE9E-CC74FC1A2524}.Release|Any CPU.Build.0 = Release|Any CPU
		{46402B00-037E-4D1C-AE9E-CC74FC1A2524}.Release|x64.ActiveCfg = Release|x64
		{46402B00-037E-4D1C-AE9E-CC74FC1A2524}.Release|x64.Build.0 = Release|x64
		{46402B00-037E-4D1C-AE9E-CC74FC1A2524}.Release|x86.ActiveCfg = Release|x86
		{46402B00-037E-4D1C-AE9E-CC74FC1A2524}.Release|x86.Build.0 = Release|x86
	EndGlobalSection
	GlobalSection(NestedProjects) = preSolution
		{46402B00-037E-4D1C-AE9E-CC74FC1A2524} = {5AD2EF2B-19E9-4661-9839-A5A36B11C78B}
	EndGlobalSection
EndGlobal
